
Microsoft Visual Studio Solution File, Format Version 12.00
Project("{FAE04EC0-301F-11D3-BF4B-00C04F79EFBC}") = "Тема 1. Очереди-стеки-дженерики", "Тема 1. Очереди-стеки-дженерики\Тема 1. Очереди-стеки-дженерики.csproj", "{CBCADFA8-2645-4333-B7A4-AA17A454A045}"
EndProject
Project("{FAE04EC0-301F-11D3-BF4B-00C04F79EFBC}") = "Тема 2. Yield return", "Тема 2. Yield return\Тема 2. Yield return.csproj", "{8BAD48E3-385D-414E-AD56-0C5AB0940C58}"
EndProject
Project("{FAE04EC0-301F-11D3-BF4B-00C04F79EFBC}") = "Тема 3. Листы и словари", "Тема 3. Листы и словари\Тема 3. Листы и словари.csproj", "{7E9D4F34-3045-4159-A7C0-1EBFD7651F37}"
EndProject
Global
	GlobalSection(SolutionConfigurationPlatforms) = preSolution
		Debug|Any CPU = Debug|Any CPU
		Release|Any CPU = Release|Any CPU
	EndGlobalSection
	GlobalSection(ProjectConfigurationPlatforms) = postSolution
		{CBCADFA8-2645-4333-B7A4-AA17A454A045}.Debug|Any CPU.ActiveCfg = Debug|Any CPU
		{CBCADFA8-2645-4333-B7A4-AA17A454A045}.Debug|Any CPU.Build.0 = Debug|Any CPU
		{CBCADFA8-2645-4333-B7A4-AA17A454A045}.Release|Any CPU.ActiveCfg = Release|Any CPU
		{CBCADFA8-2645-4333-B7A4-AA17A454A045}.Release|Any CPU.Build.0 = Release|Any CPU
		{8BAD48E3-385D-414E-AD56-0C5AB0940C58}.Debug|Any CPU.ActiveCfg = Debug|Any CPU
		{8BAD48E3-385D-414E-AD56-0C5AB0940C58}.Debug|Any CPU.Build.0 = Debug|Any CPU
		{8BAD48E3-385D-414E-AD56-0C5AB0940C58}.Release|Any CPU.ActiveCfg = Release|Any CPU
		{8BAD48E3-385D-414E-AD56-0C5AB0940C58}.Release|Any CPU.Build.0 = Release|Any CPU
		{7E9D4F34-3045-4159-A7C0-1EBFD7651F37}.Debug|Any CPU.ActiveCfg = Debug|Any CPU
		{7E9D4F34-3045-4159-A7C0-1EBFD7651F37}.Debug|Any CPU.Build.0 = Debug|Any CPU
		{7E9D4F34-3045-4159-A7C0-1EBFD7651F37}.Release|Any CPU.ActiveCfg = Release|Any CPU
		{7E9D4F34-3045-4159-A7C0-1EBFD7651F37}.Release|Any CPU.Build.0 = Release|Any CPU
	EndGlobalSection
EndGlobal
