
Microsoft Visual Studio Solution File, Format Version 12.00
Project("{FAE04EC0-301F-11D3-BF4B-00C04F79EFBC}") = "Тема 1. Очереди-стеки-дженерики", "Тема 1. Очереди-стеки-дженерики\Тема 1. Очереди-стеки-дженерики.csproj", "{CBCADFA8-2645-4333-B7A4-AA17A454A045}"
EndProject
Project("{FAE04EC0-301F-11D3-BF4B-00C04F79EFBC}") = "Тема 2. Yield return", "Тема 2. Yield return\Тема 2. Yield return.csproj", "{8BAD48E3-385D-414E-AD56-0C5AB0940C58}"
EndProject
Project("{FAE04EC0-301F-11D3-BF4B-00C04F79EFBC}") = "Тема 3. Листы и словари", "Тема 3. Листы и словари\Тема 3. Листы и словари.csproj", "{7E9D4F34-3045-4159-A7C0-1EBFD7651F37}"
EndProject
Project("{FAE04EC0-301F-11D3-BF4B-00C04F79EFBC}") = "Тема 4. Делегаты", "Тема 4. Делегаты\Тема 4. Делегаты.csproj", "{C2A1E336-E7C4-4EF4-B109-2A9319E1BA3B}"
EndProject
Project("{FAE04EC0-301F-11D3-BF4B-00C04F79EFBC}") = "Тема 5. Элементы функционального программирования", "Тема 5. Элементы функционального программирования\Тема 5. Элементы функционального программирования.csproj", "{3383E57A-0593-4671-8FEF-966FE1A0DED6}"
EndProject
Project("{FAE04EC0-301F-11D3-BF4B-00C04F79EFBC}") = "Тема 6. LINQ", "Тема 6. LINQ\Тема 6. LINQ.csproj", "{E0FAB7EC-251A-4B69-8774-9441FC96EF2B}"
EndProject
Project("{FAE04EC0-301F-11D3-BF4B-00C04F79EFBC}") = "Тема 7. Графы и обходы", "Тема 7. Графы и обходы\Тема 7. Графы и обходы.csproj", "{384496E8-BACA-4A73-9E45-3C9E6549B715}"
EndProject
Project("{FAE04EC0-301F-11D3-BF4B-00C04F79EFBC}") = "Тема 8. Жадные алгоритмы", "Тема 8. Жадные алгоритмы\Тема 8. Жадные алгоритмы.csproj", "{014F7E46-9417-4F53-92C0-9BB165240E1A}"
EndProject
Project("{FAE04EC0-301F-11D3-BF4B-00C04F79EFBC}") = "Тема 9. Многопоточное программирование", "Тема 9. Многопоточное программирование\Тема 9. Многопоточное программирование.csproj", "{8A5275FB-39BD-4586-8A9B-976A1C6F2BB8}"
EndProject
Global
	GlobalSection(SolutionConfigurationPlatforms) = preSolution
		Debug|Any CPU = Debug|Any CPU
		Release|Any CPU = Release|Any CPU
	EndGlobalSection
	GlobalSection(ProjectConfigurationPlatforms) = postSolution
		{CBCADFA8-2645-4333-B7A4-AA17A454A045}.Debug|Any CPU.ActiveCfg = Debug|Any CPU
		{CBCADFA8-2645-4333-B7A4-AA17A454A045}.Debug|Any CPU.Build.0 = Debug|Any CPU
		{CBCADFA8-2645-4333-B7A4-AA17A454A045}.Release|Any CPU.ActiveCfg = Release|Any CPU
		{CBCADFA8-2645-4333-B7A4-AA17A454A045}.Release|Any CPU.Build.0 = Release|Any CPU
		{8BAD48E3-385D-414E-AD56-0C5AB0940C58}.Debug|Any CPU.ActiveCfg = Debug|Any CPU
		{8BAD48E3-385D-414E-AD56-0C5AB0940C58}.Debug|Any CPU.Build.0 = Debug|Any CPU
		{8BAD48E3-385D-414E-AD56-0C5AB0940C58}.Release|Any CPU.ActiveCfg = Release|Any CPU
		{8BAD48E3-385D-414E-AD56-0C5AB0940C58}.Release|Any CPU.Build.0 = Release|Any CPU
		{7E9D4F34-3045-4159-A7C0-1EBFD7651F37}.Debug|Any CPU.ActiveCfg = Debug|Any CPU
		{7E9D4F34-3045-4159-A7C0-1EBFD7651F37}.Debug|Any CPU.Build.0 = Debug|Any CPU
		{7E9D4F34-3045-4159-A7C0-1EBFD7651F37}.Release|Any CPU.ActiveCfg = Release|Any CPU
		{7E9D4F34-3045-4159-A7C0-1EBFD7651F37}.Release|Any CPU.Build.0 = Release|Any CPU
		{C2A1E336-E7C4-4EF4-B109-2A9319E1BA3B}.Debug|Any CPU.ActiveCfg = Debug|Any CPU
		{C2A1E336-E7C4-4EF4-B109-2A9319E1BA3B}.Debug|Any CPU.Build.0 = Debug|Any CPU
		{C2A1E336-E7C4-4EF4-B109-2A9319E1BA3B}.Release|Any CPU.ActiveCfg = Release|Any CPU
		{C2A1E336-E7C4-4EF4-B109-2A9319E1BA3B}.Release|Any CPU.Build.0 = Release|Any CPU
		{3383E57A-0593-4671-8FEF-966FE1A0DED6}.Debug|Any CPU.ActiveCfg = Debug|Any CPU
		{3383E57A-0593-4671-8FEF-966FE1A0DED6}.Debug|Any CPU.Build.0 = Debug|Any CPU
		{3383E57A-0593-4671-8FEF-966FE1A0DED6}.Release|Any CPU.ActiveCfg = Release|Any CPU
		{3383E57A-0593-4671-8FEF-966FE1A0DED6}.Release|Any CPU.Build.0 = Release|Any CPU
		{E0FAB7EC-251A-4B69-8774-9441FC96EF2B}.Debug|Any CPU.ActiveCfg = Debug|Any CPU
		{E0FAB7EC-251A-4B69-8774-9441FC96EF2B}.Debug|Any CPU.Build.0 = Debug|Any CPU
		{E0FAB7EC-251A-4B69-8774-9441FC96EF2B}.Release|Any CPU.ActiveCfg = Release|Any CPU
		{E0FAB7EC-251A-4B69-8774-9441FC96EF2B}.Release|Any CPU.Build.0 = Release|Any CPU
		{384496E8-BACA-4A73-9E45-3C9E6549B715}.Debug|Any CPU.ActiveCfg = Debug|Any CPU
		{384496E8-BACA-4A73-9E45-3C9E6549B715}.Debug|Any CPU.Build.0 = Debug|Any CPU
		{384496E8-BACA-4A73-9E45-3C9E6549B715}.Release|Any CPU.ActiveCfg = Release|Any CPU
		{384496E8-BACA-4A73-9E45-3C9E6549B715}.Release|Any CPU.Build.0 = Release|Any CPU
		{014F7E46-9417-4F53-92C0-9BB165240E1A}.Debug|Any CPU.ActiveCfg = Debug|Any CPU
		{014F7E46-9417-4F53-92C0-9BB165240E1A}.Debug|Any CPU.Build.0 = Debug|Any CPU
		{014F7E46-9417-4F53-92C0-9BB165240E1A}.Release|Any CPU.ActiveCfg = Release|Any CPU
		{014F7E46-9417-4F53-92C0-9BB165240E1A}.Release|Any CPU.Build.0 = Release|Any CPU
		{8A5275FB-39BD-4586-8A9B-976A1C6F2BB8}.Debug|Any CPU.ActiveCfg = Debug|Any CPU
		{8A5275FB-39BD-4586-8A9B-976A1C6F2BB8}.Debug|Any CPU.Build.0 = Debug|Any CPU
		{8A5275FB-39BD-4586-8A9B-976A1C6F2BB8}.Release|Any CPU.ActiveCfg = Release|Any CPU
		{8A5275FB-39BD-4586-8A9B-976A1C6F2BB8}.Release|Any CPU.Build.0 = Release|Any CPU
	EndGlobalSection
EndGlobal
